{
  "requires": true,
  "lockfileVersion": 1,
  "dependencies": {
    "@syncfusion/ej2-base": {
      "version": "17.3.26",
      "resolved": "https://registry.npmjs.org/@syncfusion/ej2-base/-/ej2-base-17.3.26.tgz",
      "integrity": "sha512-mDYyY0PVzjmr7vXM/kFG0ONQfmfA+QcrVPCHka4i/W28DSZw7cNRM2OX/lHnSM2S+OBdI0Ks5/vWcYutjvJ6bA==",
      "requires": {
        "@syncfusion/ej2-icons": "~17.3.26"
      }
    },
    "@syncfusion/ej2-buttons": {
      "version": "17.3.26",
      "resolved": "https://registry.npmjs.org/@syncfusion/ej2-buttons/-/ej2-buttons-17.3.26.tgz",
      "integrity": "sha512-5yyWZrvHL44arz8QvCESp9V9xdROffrjQQMw39/ySmEwQwzD/JDj/5Yg7PGB5vBE/6m7sKTRydeSm+LZyE2pbg==",
      "requires": {
        "@syncfusion/ej2-base": "~17.3.26"
      }
    },
    "@syncfusion/ej2-calendars": {
      "version": "17.3.26",
      "resolved": "https://registry.npmjs.org/@syncfusion/ej2-calendars/-/ej2-calendars-17.3.26.tgz",
      "integrity": "sha512-6J3X6Xsam1u38nS8RtiZIf/4Ijzv5JmuLanDCamtXZ4paQsmfzfYI68Zxm60uzW3rZO4S7+HzGyzehpdtSQbfw==",
      "requires": {
        "@syncfusion/ej2-base": "~17.3.26",
        "@syncfusion/ej2-buttons": "~17.3.26",
        "@syncfusion/ej2-inputs": "~17.3.26",
        "@syncfusion/ej2-lists": "~17.3.26",
        "@syncfusion/ej2-popups": "~17.3.26"
      }
    },
    "@syncfusion/ej2-data": {
      "version": "17.3.26",
      "resolved": "https://registry.npmjs.org/@syncfusion/ej2-data/-/ej2-data-17.3.26.tgz",
      "integrity": "sha512-mAQY6E1GEbFxtLZCu/JVPqIiX+HtR1IJzEaco6muTSowiV0nlkowZLr2L1S07u8w/HWz1Xwsnp1Gb1olrwLsEA==",
      "requires": {
        "@syncfusion/ej2-base": "~17.3.26"
      }
    },
    "@syncfusion/ej2-icons": {
      "version": "17.3.26",
      "resolved": "https://registry.npmjs.org/@syncfusion/ej2-icons/-/ej2-icons-17.3.26.tgz",
      "integrity": "sha512-pGE63pVkXuqM6EBtD1nMGvjnubTHrnQAQJ2TwOhlyOxIs5nf4G2wYHQpAD79OaQRs2XJRN70HOZ0XN3Zw6Av8g=="
    },
    "@syncfusion/ej2-inputs": {
      "version": "17.3.26",
      "resolved": "https://registry.npmjs.org/@syncfusion/ej2-inputs/-/ej2-inputs-17.3.26.tgz",
      "integrity": "sha512-4co1MVkRpdrW8Mwvlz5N2c2DD/byKunv1019In8Z2BmmHJQowoWO3CCm0NxP0PfdSm9j4Qs3z1q80LlIPbxVjg==",
      "requires": {
        "@syncfusion/ej2-base": "~17.3.26",
        "@syncfusion/ej2-buttons": "~17.3.26",
        "@syncfusion/ej2-popups": "~17.3.26",
        "@syncfusion/ej2-splitbuttons": "~17.3.26"
      }
    },
    "@syncfusion/ej2-lists": {
      "version": "17.3.26",
      "resolved": "https://registry.npmjs.org/@syncfusion/ej2-lists/-/ej2-lists-17.3.26.tgz",
      "integrity": "sha512-7ECyZqwpT8+zfRGmxS4h46l6jbr0OGDQuNi3oLQc0bD2wBR/kbs5pl0bJ8pgw8H3BA/R4UYbGo6sJHiTKCMCkQ==",
      "requires": {
        "@syncfusion/ej2-base": "~17.3.26",
        "@syncfusion/ej2-buttons": "~17.3.26",
        "@syncfusion/ej2-data": "~17.3.26"
      }
    },
    "@syncfusion/ej2-popups": {
      "version": "17.3.26",
      "resolved": "https://registry.npmjs.org/@syncfusion/ej2-popups/-/ej2-popups-17.3.26.tgz",
      "integrity": "sha512-1nVnQAaEPb5IoxLS4SKHb75NsWCCiUlvb2+5MC8XcdSfnzqHk0ujg10EDkXyLjhdmeOneE35/6cx+biWllb49g==",
      "requires": {
        "@syncfusion/ej2-base": "~17.3.26",
        "@syncfusion/ej2-buttons": "~17.3.26"
      }
    },
    "@syncfusion/ej2-splitbuttons": {
      "version": "17.3.26",
      "resolved": "https://registry.npmjs.org/@syncfusion/ej2-splitbuttons/-/ej2-splitbuttons-17.3.26.tgz",
      "integrity": "sha512-3uYK1dG78c2nx+aEPBwayCZylKqJtzyKddFmlinc1CNj/zKzIHprg86A0n1UFsLmsDNn4uADzkyDBzCa9puu8w==",
      "requires": {
        "@syncfusion/ej2-base": "~17.3.26",
        "@syncfusion/ej2-popups": "~17.3.26"
      }
    },
    "inherits": {
      "version": "2.0.4",
      "resolved": "https://registry.npmjs.org/inherits/-/inherits-2.0.4.tgz",
      "integrity": "sha512-k/vGaX4/Yla3WzyMCvTQOXYeIHvqOKtnqBduzTHpzpQZzAskKMhZ2K+EnBiSM9zGSoIFeMpXKxa4dYeZIQqewQ=="
    },
    "jquery": {
      "version": "3.4.1",
      "resolved": "https://registry.npmjs.org/jquery/-/jquery-3.4.1.tgz",
      "integrity": "sha512-36+AdBzCL+y6qjw5Tx7HgzeGCzC81MDDgaUP8ld2zhx58HdqXGoBd+tHdrBMiyjGQs0Hxs/MLZTu/eHNJJuWPw=="
    },
    "jquery-validation": {
      "version": "1.19.1",
      "resolved": "https://registry.npmjs.org/jquery-validation/-/jquery-validation-1.19.1.tgz",
      "integrity": "sha512-QNnrZBqSltWUEJx+shOY5WtfrIb0gWmDjFfQP8rZKqMMSfpRSwEkSqhfHPvDfkObD8Hnv5KHSYI8yg73sVFdqA=="
    },
    "jsrender": {
      "version": "1.0.5",
      "resolved": "https://registry.npmjs.org/jsrender/-/jsrender-1.0.5.tgz",
      "integrity": "sha512-ZaO8kYV1XBAcazMVOq32N+QGqMI2DIGdDo1QHROWbQ0JdKYJ6pg3E1WH0xzFTR9yqvoenXDL8+tzbT/JjJNmnA==",
      "requires": {
        "through2": "^3.0.1"
      }
    },
    "readable-stream": {
      "version": "3.4.0",
      "resolved": "https://registry.npmjs.org/readable-stream/-/readable-stream-3.4.0.tgz",
      "integrity": "sha512-jItXPLmrSR8jmTRmRWJXCnGJsfy85mB3Wd/uINMXA65yrnFo0cPClFIUWzo2najVNSl+mx7/4W8ttlLWJe99pQ==",
      "requires": {
        "inherits": "^2.0.3",
        "string_decoder": "^1.1.1",
        "util-deprecate": "^1.0.1"
      }
    },
    "safe-buffer": {
      "version": "5.2.0",
      "resolved": "https://registry.npmjs.org/safe-buffer/-/safe-buffer-5.2.0.tgz",
      "integrity": "sha512-fZEwUGbVl7kouZs1jCdMLdt95hdIv0ZeHg6L7qPeciMZhZ+/gdesW4wgTARkrFWEpspjEATAzUGPG8N2jJiwbg=="
    },
    "string_decoder": {
      "version": "1.3.0",
      "resolved": "https://registry.npmjs.org/string_decoder/-/string_decoder-1.3.0.tgz",
      "integrity": "sha512-hkRX8U1WjJFd8LsDJ2yQ/wWWxaopEsABU1XfkM8A+j0+85JAGppt16cr1Whg6KIbb4okU6Mql6BOj+uup/wKeA==",
      "requires": {
        "safe-buffer": "~5.2.0"
      }
    },
    "syncfusion-ej-global": {
      "version": "17.3.26",
      "resolved": "https://registry.npmjs.org/syncfusion-ej-global/-/syncfusion-ej-global-17.3.26.tgz",
      "integrity": "sha512-bAYf7/xyvYiau6EJePSylhYNx2EVgXNxJhFF34r++H4QihytXKBAe/eivLkHsZHrLyLjti4SIndz8W05C5WYrA=="
    },
    "syncfusion-javascript": {
      "version": "17.3.26",
      "resolved": "https://registry.npmjs.org/syncfusion-javascript/-/syncfusion-javascript-17.3.26.tgz",
      "integrity": "sha512-04bs6KKos8qkKurI2dOrjg7MUSU+edZONVbooFNRLwfBEr30b6oPqSo8dvpbd0GVBle+1juHJLyN/C17qwz6zA==",
      "requires": {
        "jquery": "*",
        "jquery-validation": "*",
        "jsrender": "*",
        "syncfusion-ej-global": "*"
      }
    },
    "through2": {
      "version": "3.0.1",
      "resolved": "https://registry.npmjs.org/through2/-/through2-3.0.1.tgz",
      "integrity": "sha512-M96dvTalPT3YbYLaKaCuwu+j06D/8Jfib0o/PxbVt6Amhv3dUAtW6rTV1jPgJSBG83I/e04Y6xkVdVhSRhi0ww==",
      "requires": {
        "readable-stream": "2 || 3"
      }
    },
    "util-deprecate": {
      "version": "1.0.2",
      "resolved": "https://registry.npmjs.org/util-deprecate/-/util-deprecate-1.0.2.tgz",
      "integrity": "sha1-RQ1Nyfpw3nMnYvvS1KKJgUGaDM8="
    }
  }
}
