
Microsoft Visual Studio Solution File, Format Version 12.00
Project("{FAE04EC0-301F-11D3-BF4B-00C04F79EFBC}") = "SmartHome.Web", "SmartHome.Web\SmartHome.Web.csproj", "{65AA349D-0F0D-467A-9025-F07E8B5E111E}"
EndProject
Project("{FAE04EC0-301F-11D3-BF4B-00C04F79EFBC}") = "SmartHome.Database", "SmartHome.Database\SmartHome.Database.csproj", "{8FC98B3D-0A6A-4718-9072-E9FC4244BBDE}"
EndProject
Project("{FAE04EC0-301F-11D3-BF4B-00C04F79EFBC}") = "SmartHome.Shared", "SmartHome.Shared\SmartHome.Shared.csproj", "{C59BF326-97AD-453A-8272-80FAB555FE9B}"
EndProject
Project("{FAE04EC0-301F-11D3-BF4B-00C04F79EFBC}") = "SmartHome.Repositories.Interfaces", "SmartHome.Repositories.Interfaces\SmartHome.Repositories.Interfaces.csproj", "{7791D27F-AAE9-43F1-948D-47AC756C119C}"
EndProject
Project("{FAE04EC0-301F-11D3-BF4B-00C04F79EFBC}") = "SmartHome.Repositories", "SmartHome.Repositories\SmartHome.Repositories.csproj", "{0AE672E1-1AF2-424D-A55A-B387677EDEC7}"
EndProject
Project("{FAE04EC0-301F-11D3-BF4B-00C04F79EFBC}") = "SmartHome.ServiceLoaders", "SmartHome.ServiceLoaders\SmartHome.ServiceLoaders.csproj", "{1D942932-C2A3-453A-A642-286A5ADEAA6E}"
EndProject
Project("{FAE04EC0-301F-11D3-BF4B-00C04F79EFBC}") = "SmartHome.Common", "SmartHome.Common\SmartHome.Common.csproj", "{1BC3BDE8-AA97-4259-A3EF-798644A5FD39}"
EndProject
Project("{2150E333-8FDC-42A3-9474-1A3956D46DE8}") = "Tests", "Tests", "{D33CEB0B-1CE7-4158-B6A0-D2307B93AE36}"
EndProject
Global
	GlobalSection(SolutionConfigurationPlatforms) = preSolution
		Debug|Any CPU = Debug|Any CPU
		Release|Any CPU = Release|Any CPU
	EndGlobalSection
	GlobalSection(ProjectConfigurationPlatforms) = postSolution
		{65AA349D-0F0D-467A-9025-F07E8B5E111E}.Debug|Any CPU.ActiveCfg = Debug|Any CPU
		{65AA349D-0F0D-467A-9025-F07E8B5E111E}.Debug|Any CPU.Build.0 = Debug|Any CPU
		{65AA349D-0F0D-467A-9025-F07E8B5E111E}.Release|Any CPU.ActiveCfg = Release|Any CPU
		{65AA349D-0F0D-467A-9025-F07E8B5E111E}.Release|Any CPU.Build.0 = Release|Any CPU
		{8FC98B3D-0A6A-4718-9072-E9FC4244BBDE}.Debug|Any CPU.ActiveCfg = Debug|Any CPU
		{8FC98B3D-0A6A-4718-9072-E9FC4244BBDE}.Debug|Any CPU.Build.0 = Debug|Any CPU
		{8FC98B3D-0A6A-4718-9072-E9FC4244BBDE}.Release|Any CPU.ActiveCfg = Release|Any CPU
		{8FC98B3D-0A6A-4718-9072-E9FC4244BBDE}.Release|Any CPU.Build.0 = Release|Any CPU
		{C59BF326-97AD-453A-8272-80FAB555FE9B}.Debug|Any CPU.ActiveCfg = Debug|Any CPU
		{C59BF326-97AD-453A-8272-80FAB555FE9B}.Debug|Any CPU.Build.0 = Debug|Any CPU
		{C59BF326-97AD-453A-8272-80FAB555FE9B}.Release|Any CPU.ActiveCfg = Release|Any CPU
		{C59BF326-97AD-453A-8272-80FAB555FE9B}.Release|Any CPU.Build.0 = Release|Any CPU
		{7791D27F-AAE9-43F1-948D-47AC756C119C}.Debug|Any CPU.ActiveCfg = Debug|Any CPU
		{7791D27F-AAE9-43F1-948D-47AC756C119C}.Debug|Any CPU.Build.0 = Debug|Any CPU
		{7791D27F-AAE9-43F1-948D-47AC756C119C}.Release|Any CPU.ActiveCfg = Release|Any CPU
		{7791D27F-AAE9-43F1-948D-47AC756C119C}.Release|Any CPU.Build.0 = Release|Any CPU
		{0AE672E1-1AF2-424D-A55A-B387677EDEC7}.Debug|Any CPU.ActiveCfg = Debug|Any CPU
		{0AE672E1-1AF2-424D-A55A-B387677EDEC7}.Debug|Any CPU.Build.0 = Debug|Any CPU
		{0AE672E1-1AF2-424D-A55A-B387677EDEC7}.Release|Any CPU.ActiveCfg = Release|Any CPU
		{0AE672E1-1AF2-424D-A55A-B387677EDEC7}.Release|Any CPU.Build.0 = Release|Any CPU
		{1D942932-C2A3-453A-A642-286A5ADEAA6E}.Debug|Any CPU.ActiveCfg = Debug|Any CPU
		{1D942932-C2A3-453A-A642-286A5ADEAA6E}.Debug|Any CPU.Build.0 = Debug|Any CPU
		{1D942932-C2A3-453A-A642-286A5ADEAA6E}.Release|Any CPU.ActiveCfg = Release|Any CPU
		{1D942932-C2A3-453A-A642-286A5ADEAA6E}.Release|Any CPU.Build.0 = Release|Any CPU
		{1BC3BDE8-AA97-4259-A3EF-798644A5FD39}.Debug|Any CPU.ActiveCfg = Debug|Any CPU
		{1BC3BDE8-AA97-4259-A3EF-798644A5FD39}.Debug|Any CPU.Build.0 = Debug|Any CPU
		{1BC3BDE8-AA97-4259-A3EF-798644A5FD39}.Release|Any CPU.ActiveCfg = Release|Any CPU
		{1BC3BDE8-AA97-4259-A3EF-798644A5FD39}.Release|Any CPU.Build.0 = Release|Any CPU
	EndGlobalSection
EndGlobal
