{
  "name": "asp.net",
  "version": "1.0.0",
  "lockfileVersion": 1,
  "requires": true,
  "dependencies": {
    "@syncfusion/ej2": {
      "version": "17.3.19",
      "resolved": "https://registry.npmjs.org/@syncfusion/ej2/-/ej2-17.3.19.tgz",
      "integrity": "sha512-kJuPmbZh9WVeMTYlwq2p9a+0xjkXwlvDwLriF6zXJaEQJvLoZ/1ljQFkkmCTFbf4qDViwiuBlTxPHscUk3O1Dg==",
      "requires": {
        "@syncfusion/ej2-barcode-generator": "~17.3.19",
        "@syncfusion/ej2-base": "~17.3.19",
        "@syncfusion/ej2-buttons": "~17.3.19",
        "@syncfusion/ej2-calendars": "~17.3.19",
        "@syncfusion/ej2-charts": "~17.3.19",
        "@syncfusion/ej2-circulargauge": "~17.3.19",
        "@syncfusion/ej2-compression": "~17.3.19",
        "@syncfusion/ej2-data": "~17.3.19",
        "@syncfusion/ej2-diagrams": "~17.3.19",
        "@syncfusion/ej2-documenteditor": "~17.3.19",
        "@syncfusion/ej2-drawings": "~17.3.19",
        "@syncfusion/ej2-dropdowns": "~17.3.19",
        "@syncfusion/ej2-excel-export": "~17.3.19",
        "@syncfusion/ej2-file-utils": "~17.3.19",
        "@syncfusion/ej2-filemanager": "~17.3.19",
        "@syncfusion/ej2-gantt": "~17.3.19",
        "@syncfusion/ej2-grids": "~17.3.19",
        "@syncfusion/ej2-heatmap": "~17.3.19",
        "@syncfusion/ej2-icons": "~17.3.19",
        "@syncfusion/ej2-inplace-editor": "~17.3.19",
        "@syncfusion/ej2-inputs": "~17.3.19",
        "@syncfusion/ej2-layouts": "~17.3.19",
        "@syncfusion/ej2-lineargauge": "~17.3.19",
        "@syncfusion/ej2-lists": "~17.3.19",
        "@syncfusion/ej2-maps": "~17.3.19",
        "@syncfusion/ej2-navigations": "~17.3.19",
        "@syncfusion/ej2-notifications": "~17.3.19",
        "@syncfusion/ej2-office-chart": "~17.3.19",
        "@syncfusion/ej2-pdf-export": "~17.3.19",
        "@syncfusion/ej2-pdfviewer": "~17.3.19",
        "@syncfusion/ej2-pivotview": "~17.3.19",
        "@syncfusion/ej2-popups": "~17.3.19",
        "@syncfusion/ej2-querybuilder": "~17.3.19",
        "@syncfusion/ej2-richtexteditor": "~17.3.19",
        "@syncfusion/ej2-schedule": "~17.3.19",
        "@syncfusion/ej2-splitbuttons": "~17.3.19",
        "@syncfusion/ej2-spreadsheet": "~17.3.19",
        "@syncfusion/ej2-svg-base": "~17.3.19",
        "@syncfusion/ej2-treegrid": "~17.3.19",
        "@syncfusion/ej2-treemap": "~17.3.19",
        "tslib": "^1.8.0"
      }
    },
    "@syncfusion/ej2-barcode-generator": {
      "version": "17.3.26",
      "resolved": "https://registry.npmjs.org/@syncfusion/ej2-barcode-generator/-/ej2-barcode-generator-17.3.26.tgz",
      "integrity": "sha512-LmV0fCR7FaJ4l9Z0Mpf/dkeyqiq7b5M11rl58L4rc+BtGFZc83gKtFe0CdvR3r2dV8Sp/TErSsBvZatnbHCZLg==",
      "requires": {
        "@syncfusion/ej2-base": "~17.3.26",
        "@syncfusion/ej2-data": "~17.3.26"
      }
    },
    "@syncfusion/ej2-base": {
      "version": "17.3.26",
      "resolved": "https://registry.npmjs.org/@syncfusion/ej2-base/-/ej2-base-17.3.26.tgz",
      "integrity": "sha512-mDYyY0PVzjmr7vXM/kFG0ONQfmfA+QcrVPCHka4i/W28DSZw7cNRM2OX/lHnSM2S+OBdI0Ks5/vWcYutjvJ6bA==",
      "requires": {
        "@syncfusion/ej2-icons": "~17.3.26"
      }
    },
    "@syncfusion/ej2-buttons": {
      "version": "17.3.26",
      "resolved": "https://registry.npmjs.org/@syncfusion/ej2-buttons/-/ej2-buttons-17.3.26.tgz",
      "integrity": "sha512-5yyWZrvHL44arz8QvCESp9V9xdROffrjQQMw39/ySmEwQwzD/JDj/5Yg7PGB5vBE/6m7sKTRydeSm+LZyE2pbg==",
      "requires": {
        "@syncfusion/ej2-base": "~17.3.26"
      }
    },
    "@syncfusion/ej2-calendars": {
      "version": "17.3.26",
      "resolved": "https://registry.npmjs.org/@syncfusion/ej2-calendars/-/ej2-calendars-17.3.26.tgz",
      "integrity": "sha512-6J3X6Xsam1u38nS8RtiZIf/4Ijzv5JmuLanDCamtXZ4paQsmfzfYI68Zxm60uzW3rZO4S7+HzGyzehpdtSQbfw==",
      "requires": {
        "@syncfusion/ej2-base": "~17.3.26",
        "@syncfusion/ej2-buttons": "~17.3.26",
        "@syncfusion/ej2-inputs": "~17.3.26",
        "@syncfusion/ej2-lists": "~17.3.26",
        "@syncfusion/ej2-popups": "~17.3.26"
      }
    },
    "@syncfusion/ej2-charts": {
      "version": "17.3.26",
      "resolved": "https://registry.npmjs.org/@syncfusion/ej2-charts/-/ej2-charts-17.3.26.tgz",
      "integrity": "sha512-5AVR3tKOaeTEuaHVjzbEFxOqxee8Fx6DSUEH2daJGVBrRGWleD9WakHfoRk58XqDlkXXiJeC/fKWEz2blJy9Pw==",
      "requires": {
        "@syncfusion/ej2-base": "~17.3.26",
        "@syncfusion/ej2-calendars": "~17.3.26",
        "@syncfusion/ej2-compression": "~17.3.26",
        "@syncfusion/ej2-data": "~17.3.26",
        "@syncfusion/ej2-file-utils": "~17.3.26",
        "@syncfusion/ej2-navigations": "~17.3.26",
        "@syncfusion/ej2-pdf-export": "~17.3.26",
        "@syncfusion/ej2-svg-base": "~17.3.26"
      }
    },
    "@syncfusion/ej2-circulargauge": {
      "version": "17.3.26",
      "resolved": "https://registry.npmjs.org/@syncfusion/ej2-circulargauge/-/ej2-circulargauge-17.3.26.tgz",
      "integrity": "sha512-zF/2v31XiQGQFybnyUZTJxQyYWPZMCOpo+yob+NIs8ih/LeXxzPY/SyLvDdvDZXrqgQ8MdbloNyk0JxJNFFe3Q==",
      "requires": {
        "@syncfusion/ej2-base": "~17.3.26",
        "@syncfusion/ej2-popups": "~17.3.26",
        "@syncfusion/ej2-svg-base": "~17.3.26"
      }
    },
    "@syncfusion/ej2-compression": {
      "version": "17.3.26",
      "resolved": "https://registry.npmjs.org/@syncfusion/ej2-compression/-/ej2-compression-17.3.26.tgz",
      "integrity": "sha512-UQWkJNuZMSumAr/RRiVjN9upIkjNRG8taKwNmnGrCjkPMBPulgWFysB4gsFGoblmradx291PuDmpHM9xQJJ4uw==",
      "requires": {
        "@syncfusion/ej2-file-utils": "~17.3.26"
      }
    },
    "@syncfusion/ej2-data": {
      "version": "17.3.26",
      "resolved": "https://registry.npmjs.org/@syncfusion/ej2-data/-/ej2-data-17.3.26.tgz",
      "integrity": "sha512-mAQY6E1GEbFxtLZCu/JVPqIiX+HtR1IJzEaco6muTSowiV0nlkowZLr2L1S07u8w/HWz1Xwsnp1Gb1olrwLsEA==",
      "requires": {
        "@syncfusion/ej2-base": "~17.3.26"
      }
    },
    "@syncfusion/ej2-diagrams": {
      "version": "17.3.26",
      "resolved": "https://registry.npmjs.org/@syncfusion/ej2-diagrams/-/ej2-diagrams-17.3.26.tgz",
      "integrity": "sha512-u02fKiyWydnIsqMf+P6Sa9QkxFjgipIlvwdqwTakXJzrPTPKAvaBDyDsFWfJYm2lhIRt3inKZ6k7SOcDrtD7Hw==",
      "requires": {
        "@syncfusion/ej2-base": "~17.3.26",
        "@syncfusion/ej2-buttons": "~17.3.26",
        "@syncfusion/ej2-data": "~17.3.26",
        "@syncfusion/ej2-inputs": "~17.3.26",
        "@syncfusion/ej2-lists": "~17.3.26",
        "@syncfusion/ej2-navigations": "~17.3.26",
        "@syncfusion/ej2-popups": "~17.3.26"
      }
    },
    "@syncfusion/ej2-documenteditor": {
      "version": "17.3.26",
      "resolved": "https://registry.npmjs.org/@syncfusion/ej2-documenteditor/-/ej2-documenteditor-17.3.26.tgz",
      "integrity": "sha512-1ZbZcssdWKTYXM59cJi6h9cC3QaHTjQua9CR3/2nhZumU3drOQXpz4CXdvQ8XQuh4ToMzaYTakM9fTiYZva88w==",
      "requires": {
        "@syncfusion/ej2-base": "~17.3.26",
        "@syncfusion/ej2-buttons": "~17.3.26",
        "@syncfusion/ej2-compression": "~17.3.26",
        "@syncfusion/ej2-dropdowns": "~17.3.26",
        "@syncfusion/ej2-file-utils": "~17.3.26",
        "@syncfusion/ej2-inputs": "~17.3.26",
        "@syncfusion/ej2-navigations": "~17.3.26",
        "@syncfusion/ej2-office-chart": "~17.3.26",
        "@syncfusion/ej2-popups": "~17.3.26",
        "@syncfusion/ej2-splitbuttons": "~17.3.26"
      }
    },
    "@syncfusion/ej2-drawings": {
      "version": "17.3.26",
      "resolved": "https://registry.npmjs.org/@syncfusion/ej2-drawings/-/ej2-drawings-17.3.26.tgz",
      "integrity": "sha512-+wO8OMnjFdqCH+uLrSC1/5KmnHy7ZgijsGs59DUNFJ032mmnlrLwNQIIsfV3NN01Inqqr2jHYe0FkirIEK184w==",
      "requires": {
        "@syncfusion/ej2-base": "~17.3.26",
        "@syncfusion/ej2-data": "~17.3.26"
      }
    },
    "@syncfusion/ej2-dropdowns": {
      "version": "17.3.26",
      "resolved": "https://registry.npmjs.org/@syncfusion/ej2-dropdowns/-/ej2-dropdowns-17.3.26.tgz",
      "integrity": "sha512-S7gBExmhGhPtLl+tnbKbVMqzvFM4jocJDYqXpRjXTib7O0YXs+yJAJspjayx01e9961WT41rVv9sVx0j9/87xQ==",
      "requires": {
        "@syncfusion/ej2-base": "~17.3.26",
        "@syncfusion/ej2-data": "~17.3.26",
        "@syncfusion/ej2-inputs": "~17.3.26",
        "@syncfusion/ej2-lists": "~17.3.26",
        "@syncfusion/ej2-popups": "~17.3.26"
      }
    },
    "@syncfusion/ej2-excel-export": {
      "version": "17.3.26",
      "resolved": "https://registry.npmjs.org/@syncfusion/ej2-excel-export/-/ej2-excel-export-17.3.26.tgz",
      "integrity": "sha512-F3Ah298YBmKvTDgxaWWwQngIeCLJxBammvxzAMYWRQI1WkJw5ELA192aIr2VLZUiVPuxZPGNhYH1XxMFIAgE3g==",
      "requires": {
        "@syncfusion/ej2-base": "~17.3.26",
        "@syncfusion/ej2-compression": "~17.3.26"
      }
    },
    "@syncfusion/ej2-file-utils": {
      "version": "17.3.26",
      "resolved": "https://registry.npmjs.org/@syncfusion/ej2-file-utils/-/ej2-file-utils-17.3.26.tgz",
      "integrity": "sha512-ZaJg7FWzUddCVeD3u8hbpfNFqme1bPQ8Am6XeaS6tM4LL17Bf5cb/cGgayemXJF/9Ffd4cDW67auQ4Uc7m+DOA=="
    },
    "@syncfusion/ej2-filemanager": {
      "version": "17.3.26",
      "resolved": "https://registry.npmjs.org/@syncfusion/ej2-filemanager/-/ej2-filemanager-17.3.26.tgz",
      "integrity": "sha512-U/pGK29RnRQfQkWJoPJgQbXyDCEA3+XDFa9oR+dymJFtOit2QL4UZo9/yDU7M8/I8FE9XoQgIJXhivOwN3IDvw==",
      "requires": {
        "@syncfusion/ej2-grids": "~17.3.26",
        "@syncfusion/ej2-layouts": "~17.3.26",
        "selenium-webdriver": "^4.0.0-alpha.1"
      }
    },
    "@syncfusion/ej2-gantt": {
      "version": "17.3.26",
      "resolved": "https://registry.npmjs.org/@syncfusion/ej2-gantt/-/ej2-gantt-17.3.26.tgz",
      "integrity": "sha512-VCgsm+jG+vcrZ9eT4gy7ryahPnUHeXrbyv+dNHzLYBfyQYnEFCGXNESUKhDlu4pXmMdHeyDUi9m19ywKrNYJwA==",
      "requires": {
        "@syncfusion/ej2-base": "~17.3.26",
        "@syncfusion/ej2-buttons": "~17.3.26",
        "@syncfusion/ej2-calendars": "~17.3.26",
        "@syncfusion/ej2-data": "~17.3.26",
        "@syncfusion/ej2-dropdowns": "~17.3.26",
        "@syncfusion/ej2-grids": "~17.3.26",
        "@syncfusion/ej2-inputs": "~17.3.26",
        "@syncfusion/ej2-layouts": "~17.3.26",
        "@syncfusion/ej2-lists": "~17.3.26",
        "@syncfusion/ej2-navigations": "~17.3.26",
        "@syncfusion/ej2-popups": "~17.3.26",
        "@syncfusion/ej2-richtexteditor": "~17.3.26",
        "@syncfusion/ej2-treegrid": "~17.3.26"
      }
    },
    "@syncfusion/ej2-grids": {
      "version": "17.3.26",
      "resolved": "https://registry.npmjs.org/@syncfusion/ej2-grids/-/ej2-grids-17.3.26.tgz",
      "integrity": "sha512-JC8GCSzMhYG+RtHIqcy5Q2VhAoWclMvPsTfN/SbvEAvaH8j88IRB3AHib4WmMnHchJdtabmmFYlC3XDlxxcDKw==",
      "requires": {
        "@syncfusion/ej2-base": "~17.3.26",
        "@syncfusion/ej2-buttons": "~17.3.26",
        "@syncfusion/ej2-calendars": "~17.3.26",
        "@syncfusion/ej2-compression": "~17.3.26",
        "@syncfusion/ej2-data": "~17.3.26",
        "@syncfusion/ej2-dropdowns": "~17.3.26",
        "@syncfusion/ej2-excel-export": "~17.3.26",
        "@syncfusion/ej2-file-utils": "~17.3.26",
        "@syncfusion/ej2-inputs": "~17.3.26",
        "@syncfusion/ej2-lists": "~17.3.26",
        "@syncfusion/ej2-navigations": "~17.3.26",
        "@syncfusion/ej2-pdf-export": "~17.3.26",
        "@syncfusion/ej2-popups": "~17.3.26",
        "@syncfusion/ej2-splitbuttons": "~17.3.26"
      }
    },
    "@syncfusion/ej2-heatmap": {
      "version": "17.3.26",
      "resolved": "https://registry.npmjs.org/@syncfusion/ej2-heatmap/-/ej2-heatmap-17.3.26.tgz",
      "integrity": "sha512-NDa9AOfUIqc1siUtw2IzdkfOD6oho/jKXZin3jvNnu1skHfL4qV3a3KxWCuWDrg73Y2N54NXHQPxm0xAc1Jt7g==",
      "requires": {
        "@syncfusion/ej2-base": "~17.3.26",
        "@syncfusion/ej2-data": "~17.3.26",
        "@syncfusion/ej2-svg-base": "~17.3.26"
      }
    },
    "@syncfusion/ej2-icons": {
      "version": "17.3.26",
      "resolved": "https://registry.npmjs.org/@syncfusion/ej2-icons/-/ej2-icons-17.3.26.tgz",
      "integrity": "sha512-pGE63pVkXuqM6EBtD1nMGvjnubTHrnQAQJ2TwOhlyOxIs5nf4G2wYHQpAD79OaQRs2XJRN70HOZ0XN3Zw6Av8g=="
    },
    "@syncfusion/ej2-inplace-editor": {
      "version": "17.3.26",
      "resolved": "https://registry.npmjs.org/@syncfusion/ej2-inplace-editor/-/ej2-inplace-editor-17.3.26.tgz",
      "integrity": "sha512-Y6ORiA+p5OK/pCAND789Z2VYHFfwPdpqGdTXuJnGsFtn4vBVdreH5Ev6pW9xjFxteFDcvqDn/TTqxxTLKml4PQ==",
      "requires": {
        "@syncfusion/ej2-base": "~17.3.26",
        "@syncfusion/ej2-buttons": "~17.3.26",
        "@syncfusion/ej2-calendars": "~17.3.26",
        "@syncfusion/ej2-data": "~17.3.26",
        "@syncfusion/ej2-dropdowns": "~17.3.26",
        "@syncfusion/ej2-inputs": "~17.3.26",
        "@syncfusion/ej2-lists": "~17.3.26",
        "@syncfusion/ej2-navigations": "~17.3.26",
        "@syncfusion/ej2-popups": "~17.3.26",
        "@syncfusion/ej2-richtexteditor": "~17.3.26",
        "@syncfusion/ej2-splitbuttons": "~17.3.26"
      }
    },
    "@syncfusion/ej2-inputs": {
      "version": "17.3.26",
      "resolved": "https://registry.npmjs.org/@syncfusion/ej2-inputs/-/ej2-inputs-17.3.26.tgz",
      "integrity": "sha512-4co1MVkRpdrW8Mwvlz5N2c2DD/byKunv1019In8Z2BmmHJQowoWO3CCm0NxP0PfdSm9j4Qs3z1q80LlIPbxVjg==",
      "requires": {
        "@syncfusion/ej2-base": "~17.3.26",
        "@syncfusion/ej2-buttons": "~17.3.26",
        "@syncfusion/ej2-popups": "~17.3.26",
        "@syncfusion/ej2-splitbuttons": "~17.3.26"
      }
    },
    "@syncfusion/ej2-layouts": {
      "version": "17.3.26",
      "resolved": "https://registry.npmjs.org/@syncfusion/ej2-layouts/-/ej2-layouts-17.3.26.tgz",
      "integrity": "sha512-DSsONERnxlmKc31V3Y2vwE9rFdHZ0hn9Gpl8DiURj1Aa+3FesS8gr26f+sKjr0wsRqVpOrzmFe4veINiXbCmXA==",
      "requires": {
        "@syncfusion/ej2-base": "~17.3.26"
      }
    },
    "@syncfusion/ej2-lineargauge": {
      "version": "17.3.26",
      "resolved": "https://registry.npmjs.org/@syncfusion/ej2-lineargauge/-/ej2-lineargauge-17.3.26.tgz",
      "integrity": "sha512-sQqK78TWWyY/iJTcd+m3jyMcfljXIhY+8XcIY+A08A+pOa2akVyYFbrrfqkH/LEP7UCeiNITRdcMExaKppLCDw==",
      "requires": {
        "@syncfusion/ej2-base": "~17.3.26",
        "@syncfusion/ej2-popups": "~17.3.26",
        "@syncfusion/ej2-svg-base": "~17.3.26"
      }
    },
    "@syncfusion/ej2-lists": {
      "version": "17.3.26",
      "resolved": "https://registry.npmjs.org/@syncfusion/ej2-lists/-/ej2-lists-17.3.26.tgz",
      "integrity": "sha512-7ECyZqwpT8+zfRGmxS4h46l6jbr0OGDQuNi3oLQc0bD2wBR/kbs5pl0bJ8pgw8H3BA/R4UYbGo6sJHiTKCMCkQ==",
      "requires": {
        "@syncfusion/ej2-base": "~17.3.26",
        "@syncfusion/ej2-buttons": "~17.3.26",
        "@syncfusion/ej2-data": "~17.3.26"
      }
    },
    "@syncfusion/ej2-maps": {
      "version": "17.3.26",
      "resolved": "https://registry.npmjs.org/@syncfusion/ej2-maps/-/ej2-maps-17.3.26.tgz",
      "integrity": "sha512-ERpx0uI2wUHtOO1p3rUfO1rGkabRPd2CAEjm7WWdy2bO8Yy7ndfyEem7J3EPR76Nkc/9S4Y+HsD4xXc43wA3Lg==",
      "requires": {
        "@syncfusion/ej2-base": "~17.3.26",
        "@syncfusion/ej2-compression": "~17.3.26",
        "@syncfusion/ej2-data": "~17.3.26",
        "@syncfusion/ej2-file-utils": "~17.3.26",
        "@syncfusion/ej2-pdf-export": "~17.3.26",
        "@syncfusion/ej2-popups": "~17.3.26",
        "@syncfusion/ej2-svg-base": "~17.3.26"
      }
    },
    "@syncfusion/ej2-navigations": {
      "version": "17.3.26",
      "resolved": "https://registry.npmjs.org/@syncfusion/ej2-navigations/-/ej2-navigations-17.3.26.tgz",
      "integrity": "sha512-3R+R9Xv4RCviQrgF3rxAaGg6t3oeIm+L6IYaT6woaHF8Zko0lzSwrAp7xDHvbRFC9Jl6/X6DBOt0G9saJk5Hsg==",
      "requires": {
        "@syncfusion/ej2-base": "~17.3.26",
        "@syncfusion/ej2-buttons": "~17.3.26",
        "@syncfusion/ej2-data": "~17.3.26",
        "@syncfusion/ej2-inputs": "~17.3.26",
        "@syncfusion/ej2-lists": "~17.3.26",
        "@syncfusion/ej2-popups": "~17.3.26"
      }
    },
    "@syncfusion/ej2-notifications": {
      "version": "17.3.26",
      "resolved": "https://registry.npmjs.org/@syncfusion/ej2-notifications/-/ej2-notifications-17.3.26.tgz",
      "integrity": "sha512-qkNSpkRSKlN3eXAiCxbGcVZQoGdXP8NDdKlYgCmOwEQCiIE9wBW1OkYIdvzF9VLCiwrblqXbdrOina0nwExJcw==",
      "requires": {
        "@syncfusion/ej2-base": "~17.3.26",
        "@syncfusion/ej2-buttons": "~17.3.26",
        "@syncfusion/ej2-popups": "~17.3.26"
      }
    },
    "@syncfusion/ej2-office-chart": {
      "version": "17.3.26",
      "resolved": "https://registry.npmjs.org/@syncfusion/ej2-office-chart/-/ej2-office-chart-17.3.26.tgz",
      "integrity": "sha512-5mUjqkvmka+bHEFzLUxt4gIJDJcKXFWDhuXZu+QhLBzvMVDCSU4oVH8TMvyT7YkrxHN5Mewf1WErH6VaejYOGA==",
      "requires": {
        "@syncfusion/ej2-charts": "~17.3.26"
      }
    },
    "@syncfusion/ej2-pdf-export": {
      "version": "17.3.26",
      "resolved": "https://registry.npmjs.org/@syncfusion/ej2-pdf-export/-/ej2-pdf-export-17.3.26.tgz",
      "integrity": "sha512-SpdsSuffXIJfUcCVhPfM6Q/llkqdfH8SZU1+4kr6rgRnKpUgDKzH2V6rdj2n+taUxBdATSUxjW7RlJt0MX8bxA==",
      "requires": {
        "@syncfusion/ej2-compression": "~17.3.26"
      }
    },
    "@syncfusion/ej2-pdfviewer": {
      "version": "17.3.26",
      "resolved": "https://registry.npmjs.org/@syncfusion/ej2-pdfviewer/-/ej2-pdfviewer-17.3.26.tgz",
      "integrity": "sha512-qb/cgS1BFj57VdEp4S1FeM7AMHZRg5MjSvGQJAlkcRU9I65S/e3TL7y6t8QLPntc9m2h1QOx+II/+i3rKS0lrw==",
      "requires": {
        "@syncfusion/ej2-base": "~17.3.26",
        "@syncfusion/ej2-buttons": "~17.3.26",
        "@syncfusion/ej2-calendars": "~17.3.26",
        "@syncfusion/ej2-data": "~17.3.26",
        "@syncfusion/ej2-drawings": "~17.3.26",
        "@syncfusion/ej2-dropdowns": "~17.3.26",
        "@syncfusion/ej2-inplace-editor": "~17.3.26",
        "@syncfusion/ej2-inputs": "~17.3.26",
        "@syncfusion/ej2-lists": "~17.3.26",
        "@syncfusion/ej2-navigations": "~17.3.26",
        "@syncfusion/ej2-notifications": "~17.3.26",
        "@syncfusion/ej2-popups": "~17.3.26",
        "@syncfusion/ej2-richtexteditor": "~17.3.26"
      }
    },
    "@syncfusion/ej2-pivotview": {
      "version": "17.3.26",
      "resolved": "https://registry.npmjs.org/@syncfusion/ej2-pivotview/-/ej2-pivotview-17.3.26.tgz",
      "integrity": "sha512-UsedtF7DQyENTpyGQctF31KlFxw+A3ZrzLaagFoaOZo6oaModgxljvUxt9gZqLzkSH76kpBFq4k6oeR2a8T6Fg==",
      "requires": {
        "@syncfusion/ej2-base": "~17.3.26",
        "@syncfusion/ej2-buttons": "~17.3.26",
        "@syncfusion/ej2-calendars": "~17.3.26",
        "@syncfusion/ej2-charts": "~17.3.26",
        "@syncfusion/ej2-compression": "~17.3.26",
        "@syncfusion/ej2-data": "~17.3.26",
        "@syncfusion/ej2-dropdowns": "~17.3.26",
        "@syncfusion/ej2-excel-export": "~17.3.26",
        "@syncfusion/ej2-file-utils": "~17.3.26",
        "@syncfusion/ej2-grids": "~17.3.26",
        "@syncfusion/ej2-inputs": "~17.3.26",
        "@syncfusion/ej2-lists": "~17.3.26",
        "@syncfusion/ej2-navigations": "~17.3.26",
        "@syncfusion/ej2-pdf-export": "~17.3.26",
        "@syncfusion/ej2-popups": "~17.3.26",
        "@syncfusion/ej2-svg-base": "~17.3.26"
      }
    },
    "@syncfusion/ej2-popups": {
      "version": "17.3.26",
      "resolved": "https://registry.npmjs.org/@syncfusion/ej2-popups/-/ej2-popups-17.3.26.tgz",
      "integrity": "sha512-1nVnQAaEPb5IoxLS4SKHb75NsWCCiUlvb2+5MC8XcdSfnzqHk0ujg10EDkXyLjhdmeOneE35/6cx+biWllb49g==",
      "requires": {
        "@syncfusion/ej2-base": "~17.3.26",
        "@syncfusion/ej2-buttons": "~17.3.26"
      }
    },
    "@syncfusion/ej2-querybuilder": {
      "version": "17.3.26",
      "resolved": "https://registry.npmjs.org/@syncfusion/ej2-querybuilder/-/ej2-querybuilder-17.3.26.tgz",
      "integrity": "sha512-Uo7aguVN6i1cHvLeno2azjLrw0D/DJzJX7nhxI3bgU6R/FUbPXkmtZji21iYUq6vYPpzxycfobl3vv4Z287/0w==",
      "requires": {
        "@syncfusion/ej2-base": "~17.3.26",
        "@syncfusion/ej2-buttons": "~17.3.26",
        "@syncfusion/ej2-calendars": "~17.3.26",
        "@syncfusion/ej2-dropdowns": "~17.3.26",
        "@syncfusion/ej2-inputs": "~17.3.26",
        "@syncfusion/ej2-splitbuttons": "~17.3.26"
      }
    },
    "@syncfusion/ej2-richtexteditor": {
      "version": "17.3.26",
      "resolved": "https://registry.npmjs.org/@syncfusion/ej2-richtexteditor/-/ej2-richtexteditor-17.3.26.tgz",
      "integrity": "sha512-XeZf8BhI+YYMYYy6Ok1bkkuiSqKrBSdefiZ+5HwJ5TE+yzxOLhYz7ToiffZsxSPh6hqQ40T7j5+TSCdOJM3FSw==",
      "requires": {
        "@syncfusion/ej2-base": "~17.3.26",
        "@syncfusion/ej2-navigations": "~17.3.26",
        "@syncfusion/ej2-popups": "~17.3.26",
        "@syncfusion/ej2-splitbuttons": "~17.3.26"
      }
    },
    "@syncfusion/ej2-schedule": {
      "version": "17.3.26",
      "resolved": "https://registry.npmjs.org/@syncfusion/ej2-schedule/-/ej2-schedule-17.3.26.tgz",
      "integrity": "sha512-E85D7nBLiQk/fcOuGGaQy/Q69QAVo+XpwPdYUj6AY9j7l3JHv5yOQwifpLJF5kMA8VLGJ8PVqeY4FIZpaSAoTQ==",
      "requires": {
        "@syncfusion/ej2-base": "~17.3.26",
        "@syncfusion/ej2-buttons": "~17.3.26",
        "@syncfusion/ej2-calendars": "~17.3.26",
        "@syncfusion/ej2-data": "~17.3.26",
        "@syncfusion/ej2-dropdowns": "~17.3.26",
        "@syncfusion/ej2-excel-export": "~17.3.26",
        "@syncfusion/ej2-inputs": "~17.3.26",
        "@syncfusion/ej2-lists": "~17.3.26",
        "@syncfusion/ej2-navigations": "~17.3.26",
        "@syncfusion/ej2-popups": "~17.3.26"
      }
    },
    "@syncfusion/ej2-splitbuttons": {
      "version": "17.3.26",
      "resolved": "https://registry.npmjs.org/@syncfusion/ej2-splitbuttons/-/ej2-splitbuttons-17.3.26.tgz",
      "integrity": "sha512-3uYK1dG78c2nx+aEPBwayCZylKqJtzyKddFmlinc1CNj/zKzIHprg86A0n1UFsLmsDNn4uADzkyDBzCa9puu8w==",
      "requires": {
        "@syncfusion/ej2-base": "~17.3.26",
        "@syncfusion/ej2-popups": "~17.3.26"
      }
    },
    "@syncfusion/ej2-spreadsheet": {
      "version": "17.3.26",
      "resolved": "https://registry.npmjs.org/@syncfusion/ej2-spreadsheet/-/ej2-spreadsheet-17.3.26.tgz",
      "integrity": "sha512-7uRAq2FdTULCRJV3nf4fseUuRSw63aXrwBFdpbV9FBEeejd5yYaCHGBwY5RJWIbYIttGZ8xIj122sTBzBYmUqg==",
      "requires": {
        "@syncfusion/ej2-base": "~17.3.26",
        "@syncfusion/ej2-dropdowns": "~17.3.26",
        "@syncfusion/ej2-navigations": "~17.3.26"
      }
    },
    "@syncfusion/ej2-svg-base": {
      "version": "17.3.26",
      "resolved": "https://registry.npmjs.org/@syncfusion/ej2-svg-base/-/ej2-svg-base-17.3.26.tgz",
      "integrity": "sha512-7BXF15q4b3LZ2X9PWu9ooI/Z/dr00thS+6kgJKnaHJrf27FNhMky0Bt+yGUjYg1Xe3B6q8wa8rVvxM4nW5shiQ==",
      "requires": {
        "@syncfusion/ej2-base": "~17.3.26"
      }
    },
    "@syncfusion/ej2-treegrid": {
      "version": "17.3.26",
      "resolved": "https://registry.npmjs.org/@syncfusion/ej2-treegrid/-/ej2-treegrid-17.3.26.tgz",
      "integrity": "sha512-yvgRBLWcVUU8rBBU4BcxPEzNoSXZL+x2NT76H3zOJePvYz19TlV7wcmQvktoqPZPJtlIczjV8xe9JcsmZljauA==",
      "requires": {
        "@syncfusion/ej2-base": "~17.3.26",
        "@syncfusion/ej2-data": "~17.3.26",
        "@syncfusion/ej2-grids": "~17.3.26",
        "@syncfusion/ej2-popups": "~17.3.26"
      }
    },
    "@syncfusion/ej2-treemap": {
      "version": "17.3.26",
      "resolved": "https://registry.npmjs.org/@syncfusion/ej2-treemap/-/ej2-treemap-17.3.26.tgz",
      "integrity": "sha512-aWQq7M94fqCAIpamc0ovbPVk98GRQtYqhFor+QCjQO4yP/aHH/LrfFea3XqjJZPgCi98S+E9nELcv7vQgakfNA==",
      "requires": {
        "@syncfusion/ej2-base": "~17.3.26",
        "@syncfusion/ej2-compression": "~17.3.26",
        "@syncfusion/ej2-data": "~17.3.26",
        "@syncfusion/ej2-file-utils": "~17.3.26",
        "@syncfusion/ej2-pdf-export": "~17.3.26",
        "@syncfusion/ej2-svg-base": "~17.3.26"
      }
    },
    "balanced-match": {
      "version": "1.0.0",
      "resolved": "https://registry.npmjs.org/balanced-match/-/balanced-match-1.0.0.tgz",
      "integrity": "sha1-ibTRmasr7kneFk6gK4nORi1xt2c="
    },
    "bootstrap": {
      "version": "4.3.1",
      "resolved": "https://registry.npmjs.org/bootstrap/-/bootstrap-4.3.1.tgz",
      "integrity": "sha512-rXqOmH1VilAt2DyPzluTi2blhk17bO7ef+zLLPlWvG494pDxcM234pJ8wTc/6R40UWizAIIMgxjvxZg5kmsbag=="
    },
    "brace-expansion": {
      "version": "1.1.11",
      "resolved": "https://registry.npmjs.org/brace-expansion/-/brace-expansion-1.1.11.tgz",
      "integrity": "sha512-iCuPHDFgrHX7H2vEI/5xpz07zSHB00TpugqhmYtVmMO6518mCuRMoOYFldEBl0g187ufozdaHgWKcYFb61qGiA==",
      "requires": {
        "balanced-match": "^1.0.0",
        "concat-map": "0.0.1"
      }
    },
    "concat-map": {
      "version": "0.0.1",
      "resolved": "https://registry.npmjs.org/concat-map/-/concat-map-0.0.1.tgz",
      "integrity": "sha1-2Klr13/Wjfd5OnMDajug1UBdR3s="
    },
    "core-util-is": {
      "version": "1.0.2",
      "resolved": "https://registry.npmjs.org/core-util-is/-/core-util-is-1.0.2.tgz",
      "integrity": "sha1-tf1UIgqivFq1eqtxQMlAdUUDwac="
    },
    "define-properties": {
      "version": "1.1.3",
      "resolved": "https://registry.npmjs.org/define-properties/-/define-properties-1.1.3.tgz",
      "integrity": "sha512-3MqfYKj2lLzdMSf8ZIZE/V+Zuy+BgD6f164e8K2w7dgnpKArBDerGYpM46IYYcjnkdPNMjPk9A6VFB8+3SKlXQ==",
      "requires": {
        "object-keys": "^1.0.12"
      }
    },
    "es-abstract": {
      "version": "1.16.0",
      "resolved": "https://registry.npmjs.org/es-abstract/-/es-abstract-1.16.0.tgz",
      "integrity": "sha512-xdQnfykZ9JMEiasTAJZJdMWCQ1Vm00NBw79/AWi7ELfZuuPCSOMDZbT9mkOfSctVtfhb+sAAzrm+j//GjjLHLg==",
      "requires": {
        "es-to-primitive": "^1.2.0",
        "function-bind": "^1.1.1",
        "has": "^1.0.3",
        "has-symbols": "^1.0.0",
        "is-callable": "^1.1.4",
        "is-regex": "^1.0.4",
        "object-inspect": "^1.6.0",
        "object-keys": "^1.1.1",
        "string.prototype.trimleft": "^2.1.0",
        "string.prototype.trimright": "^2.1.0"
      }
    },
    "es-to-primitive": {
      "version": "1.2.0",
      "resolved": "https://registry.npmjs.org/es-to-primitive/-/es-to-primitive-1.2.0.tgz",
      "integrity": "sha512-qZryBOJjV//LaxLTV6UC//WewneB3LcXOL9NP++ozKVXsIIIpm/2c13UDiD9Jp2eThsecw9m3jPqDwTyobcdbg==",
      "requires": {
        "is-callable": "^1.1.4",
        "is-date-object": "^1.0.1",
        "is-symbol": "^1.0.2"
      }
    },
    "fs.realpath": {
      "version": "1.0.0",
      "resolved": "https://registry.npmjs.org/fs.realpath/-/fs.realpath-1.0.0.tgz",
      "integrity": "sha1-FQStJSMVjKpA20onh8sBQRmU6k8="
    },
    "function-bind": {
      "version": "1.1.1",
      "resolved": "https://registry.npmjs.org/function-bind/-/function-bind-1.1.1.tgz",
      "integrity": "sha512-yIovAzMX49sF8Yl58fSCWJ5svSLuaibPxXQJFLmBObTuCr0Mf1KiPopGM9NiFjiYBCbfaa2Fh6breQ6ANVTI0A=="
    },
    "glob": {
      "version": "7.1.5",
      "resolved": "https://registry.npmjs.org/glob/-/glob-7.1.5.tgz",
      "integrity": "sha512-J9dlskqUXK1OeTOYBEn5s8aMukWMwWfs+rPTn/jn50Ux4MNXVhubL1wu/j2t+H4NVI+cXEcCaYellqaPVGXNqQ==",
      "requires": {
        "fs.realpath": "^1.0.0",
        "inflight": "^1.0.4",
        "inherits": "2",
        "minimatch": "^3.0.4",
        "once": "^1.3.0",
        "path-is-absolute": "^1.0.0"
      }
    },
    "has": {
      "version": "1.0.3",
      "resolved": "https://registry.npmjs.org/has/-/has-1.0.3.tgz",
      "integrity": "sha512-f2dvO0VU6Oej7RkWJGrehjbzMAjFp5/VKPp5tTpWIV4JHHZK1/BxbFRtf/siA2SWTe09caDmVtYYzWEIbBS4zw==",
      "requires": {
        "function-bind": "^1.1.1"
      }
    },
    "has-symbols": {
      "version": "1.0.0",
      "resolved": "https://registry.npmjs.org/has-symbols/-/has-symbols-1.0.0.tgz",
      "integrity": "sha1-uhqPGvKg/DllD1yFA2dwQSIGO0Q="
    },
    "immediate": {
      "version": "3.0.6",
      "resolved": "https://registry.npmjs.org/immediate/-/immediate-3.0.6.tgz",
      "integrity": "sha1-nbHb0Pr43m++D13V5Wu2BigN5ps="
    },
    "inflight": {
      "version": "1.0.6",
      "resolved": "https://registry.npmjs.org/inflight/-/inflight-1.0.6.tgz",
      "integrity": "sha1-Sb1jMdfQLQwJvJEKEHW6gWW1bfk=",
      "requires": {
        "once": "^1.3.0",
        "wrappy": "1"
      }
    },
    "inherits": {
      "version": "2.0.4",
      "resolved": "https://registry.npmjs.org/inherits/-/inherits-2.0.4.tgz",
      "integrity": "sha512-k/vGaX4/Yla3WzyMCvTQOXYeIHvqOKtnqBduzTHpzpQZzAskKMhZ2K+EnBiSM9zGSoIFeMpXKxa4dYeZIQqewQ=="
    },
    "is-callable": {
      "version": "1.1.4",
      "resolved": "https://registry.npmjs.org/is-callable/-/is-callable-1.1.4.tgz",
      "integrity": "sha512-r5p9sxJjYnArLjObpjA4xu5EKI3CuKHkJXMhT7kwbpUyIFD1n5PMAsoPvWnvtZiNz7LjkYDRZhd7FlI0eMijEA=="
    },
    "is-date-object": {
      "version": "1.0.1",
      "resolved": "https://registry.npmjs.org/is-date-object/-/is-date-object-1.0.1.tgz",
      "integrity": "sha1-mqIOtq7rv/d/vTPnTKAbM1gdOhY="
    },
    "is-regex": {
      "version": "1.0.4",
      "resolved": "https://registry.npmjs.org/is-regex/-/is-regex-1.0.4.tgz",
      "integrity": "sha1-VRdIm1RwkbCTDglWVM7SXul+lJE=",
      "requires": {
        "has": "^1.0.1"
      }
    },
    "is-symbol": {
      "version": "1.0.2",
      "resolved": "https://registry.npmjs.org/is-symbol/-/is-symbol-1.0.2.tgz",
      "integrity": "sha512-HS8bZ9ox60yCJLH9snBpIwv9pYUAkcuLhSA1oero1UB5y9aiQpRA8y2ex945AOtCZL1lJDeIk3G5LthswI46Lw==",
      "requires": {
        "has-symbols": "^1.0.0"
      }
    },
    "isarray": {
      "version": "1.0.0",
      "resolved": "https://registry.npmjs.org/isarray/-/isarray-1.0.0.tgz",
      "integrity": "sha1-u5NdSFgsuhaMBoNJV6VKPgcSTxE="
    },
    "jquery": {
      "version": "3.5.0",
      "resolved": "https://registry.npmjs.org/jquery/-/jquery-3.5.0.tgz",
      "integrity": "sha512-Xb7SVYMvygPxbFMpTFQiHh1J7HClEaThguL15N/Gg37Lri/qKyhRGZYzHRyLH8Stq3Aow0LsHO2O2ci86fCrNQ=="
    },
    "jszip": {
      "version": "3.2.2",
      "resolved": "https://registry.npmjs.org/jszip/-/jszip-3.2.2.tgz",
      "integrity": "sha512-NmKajvAFQpbg3taXQXr/ccS2wcucR1AZ+NtyWp2Nq7HHVsXhcJFR8p0Baf32C2yVvBylFWVeKf+WI2AnvlPhpA==",
      "requires": {
        "lie": "~3.3.0",
        "pako": "~1.0.2",
        "readable-stream": "~2.3.6",
        "set-immediate-shim": "~1.0.1"
      }
    },
    "lie": {
      "version": "3.3.0",
      "resolved": "https://registry.npmjs.org/lie/-/lie-3.3.0.tgz",
      "integrity": "sha512-UaiMJzeWRlEujzAuw5LokY1L5ecNQYZKfmyZ9L7wDHb/p5etKaxXhohBcrw0EYby+G/NA52vRSN4N39dxHAIwQ==",
      "requires": {
        "immediate": "~3.0.5"
      }
    },
    "minimatch": {
      "version": "3.0.4",
      "resolved": "https://registry.npmjs.org/minimatch/-/minimatch-3.0.4.tgz",
      "integrity": "sha512-yJHVQEhyqPLUTgt9B83PXu6W3rx4MvvHvSUvToogpwoGDOUQ+yDrR0HRot+yOCdCO7u4hX3pWft6kWBBcqh0UA==",
      "requires": {
        "brace-expansion": "^1.1.7"
      }
    },
    "object-inspect": {
      "version": "1.6.0",
      "resolved": "https://registry.npmjs.org/object-inspect/-/object-inspect-1.6.0.tgz",
      "integrity": "sha512-GJzfBZ6DgDAmnuaM3104jR4s1Myxr3Y3zfIyN4z3UdqN69oSRacNK8UhnobDdC+7J2AHCjGwxQubNJfE70SXXQ=="
    },
    "object-keys": {
      "version": "1.1.1",
      "resolved": "https://registry.npmjs.org/object-keys/-/object-keys-1.1.1.tgz",
      "integrity": "sha512-NuAESUOUMrlIXOfHKzD6bpPu3tYt3xvjNdRIQ+FeT0lNb4K8WR70CaDxhuNguS2XG+GjkyMwOzsN5ZktImfhLA=="
    },
    "object.getownpropertydescriptors": {
      "version": "2.0.3",
      "resolved": "https://registry.npmjs.org/object.getownpropertydescriptors/-/object.getownpropertydescriptors-2.0.3.tgz",
      "integrity": "sha1-h1jIRvW0B62rDyNuCYbxSwUcqhY=",
      "requires": {
        "define-properties": "^1.1.2",
        "es-abstract": "^1.5.1"
      }
    },
    "once": {
      "version": "1.4.0",
      "resolved": "https://registry.npmjs.org/once/-/once-1.4.0.tgz",
      "integrity": "sha1-WDsap3WWHUsROsF9nFC6753Xa9E=",
      "requires": {
        "wrappy": "1"
      }
    },
    "os-tmpdir": {
      "version": "1.0.2",
      "resolved": "https://registry.npmjs.org/os-tmpdir/-/os-tmpdir-1.0.2.tgz",
      "integrity": "sha1-u+Z0BseaqFxc/sdm/lc0VV36EnQ="
    },
    "pako": {
      "version": "1.0.10",
      "resolved": "https://registry.npmjs.org/pako/-/pako-1.0.10.tgz",
      "integrity": "sha512-0DTvPVU3ed8+HNXOu5Bs+o//Mbdj9VNQMUOe9oKCwh8l0GNwpTDMKCWbRjgtD291AWnkAgkqA/LOnQS8AmS1tw=="
    },
    "path-is-absolute": {
      "version": "1.0.1",
      "resolved": "https://registry.npmjs.org/path-is-absolute/-/path-is-absolute-1.0.1.tgz",
      "integrity": "sha1-F0uSaHNVNP+8es5r9TpanhtcX18="
    },
    "process-nextick-args": {
      "version": "2.0.1",
      "resolved": "https://registry.npmjs.org/process-nextick-args/-/process-nextick-args-2.0.1.tgz",
      "integrity": "sha512-3ouUOpQhtgrbOa17J7+uxOTpITYWaGP7/AhoR3+A+/1e9skrzelGi/dXzEYyvbxubEF6Wn2ypscTKiKJFFn1ag=="
    },
    "readable-stream": {
      "version": "2.3.6",
      "resolved": "https://registry.npmjs.org/readable-stream/-/readable-stream-2.3.6.tgz",
      "integrity": "sha512-tQtKA9WIAhBF3+VLAseyMqZeBjW0AHJoxOtYqSUZNJxauErmLbVm2FW1y+J/YA9dUrAC39ITejlZWhVIwawkKw==",
      "requires": {
        "core-util-is": "~1.0.0",
        "inherits": "~2.0.3",
        "isarray": "~1.0.0",
        "process-nextick-args": "~2.0.0",
        "safe-buffer": "~5.1.1",
        "string_decoder": "~1.1.1",
        "util-deprecate": "~1.0.1"
      }
    },
    "rimraf": {
      "version": "2.7.1",
      "resolved": "https://registry.npmjs.org/rimraf/-/rimraf-2.7.1.tgz",
      "integrity": "sha512-uWjbaKIK3T1OSVptzX7Nl6PvQ3qAGtKEtVRjRuazjfL3Bx5eI409VZSqgND+4UNnmzLVdPj9FqFJNPqBZFve4w==",
      "requires": {
        "glob": "^7.1.3"
      }
    },
    "safe-buffer": {
      "version": "5.1.2",
      "resolved": "https://registry.npmjs.org/safe-buffer/-/safe-buffer-5.1.2.tgz",
      "integrity": "sha512-Gd2UZBJDkXlY7GbJxfsE8/nvKkUEU1G38c1siN6QP6a9PT9MmHB8GnpscSmMJSoF8LOIrt8ud/wPtojys4G6+g=="
    },
    "sax": {
      "version": "1.2.4",
      "resolved": "https://registry.npmjs.org/sax/-/sax-1.2.4.tgz",
      "integrity": "sha512-NqVDv9TpANUjFm0N8uM5GxL36UgKi9/atZw+x7YFnQ8ckwFGKrl4xX4yWtrey3UJm5nP1kUbnYgLopqWNSRhWw=="
    },
    "selenium-webdriver": {
      "version": "4.0.0-alpha.5",
      "resolved": "https://registry.npmjs.org/selenium-webdriver/-/selenium-webdriver-4.0.0-alpha.5.tgz",
      "integrity": "sha512-hktl3DSrhzM59yLhWzDGHIX9o56DvA+cVK7Dw6FcJR6qQ4CGzkaHeXQPcdrslkWMTeq0Ci9AmCxq0EMOvm2Rkg==",
      "requires": {
        "jszip": "^3.1.5",
        "rimraf": "^2.6.3",
        "tmp": "0.0.30",
        "xml2js": "^0.4.19"
      }
    },
    "set-immediate-shim": {
      "version": "1.0.1",
      "resolved": "https://registry.npmjs.org/set-immediate-shim/-/set-immediate-shim-1.0.1.tgz",
      "integrity": "sha1-SysbJ+uAip+NzEgaWOXlb1mfP2E="
    },
    "string.prototype.trimleft": {
      "version": "2.1.0",
      "resolved": "https://registry.npmjs.org/string.prototype.trimleft/-/string.prototype.trimleft-2.1.0.tgz",
      "integrity": "sha512-FJ6b7EgdKxxbDxc79cOlok6Afd++TTs5szo+zJTUyow3ycrRfJVE2pq3vcN53XexvKZu/DJMDfeI/qMiZTrjTw==",
      "requires": {
        "define-properties": "^1.1.3",
        "function-bind": "^1.1.1"
      }
    },
    "string.prototype.trimright": {
      "version": "2.1.0",
      "resolved": "https://registry.npmjs.org/string.prototype.trimright/-/string.prototype.trimright-2.1.0.tgz",
      "integrity": "sha512-fXZTSV55dNBwv16uw+hh5jkghxSnc5oHq+5K/gXgizHwAvMetdAJlHqqoFC1FSDVPYWLkAKl2cxpUT41sV7nSg==",
      "requires": {
        "define-properties": "^1.1.3",
        "function-bind": "^1.1.1"
      }
    },
    "string_decoder": {
      "version": "1.1.1",
      "resolved": "https://registry.npmjs.org/string_decoder/-/string_decoder-1.1.1.tgz",
      "integrity": "sha512-n/ShnvDi6FHbbVfviro+WojiFzv+s8MPMHBczVePfUpDJLwoLT0ht1l4YwBCbi8pJAveEEdnkHyPyTP/mzRfwg==",
      "requires": {
        "safe-buffer": "~5.1.0"
      }
    },
    "tmp": {
      "version": "0.0.30",
      "resolved": "https://registry.npmjs.org/tmp/-/tmp-0.0.30.tgz",
      "integrity": "sha1-ckGdSovn1s51FI/YsyTlk6cRwu0=",
      "requires": {
        "os-tmpdir": "~1.0.1"
      }
    },
    "tslib": {
      "version": "1.10.0",
      "resolved": "https://registry.npmjs.org/tslib/-/tslib-1.10.0.tgz",
      "integrity": "sha512-qOebF53frne81cf0S9B41ByenJ3/IuH8yJKngAX35CmiZySA0khhkovshKK+jGCaMnVomla7gVlIcc3EvKPbTQ=="
    },
    "util-deprecate": {
      "version": "1.0.2",
      "resolved": "https://registry.npmjs.org/util-deprecate/-/util-deprecate-1.0.2.tgz",
      "integrity": "sha1-RQ1Nyfpw3nMnYvvS1KKJgUGaDM8="
    },
    "util.promisify": {
      "version": "1.0.0",
      "resolved": "https://registry.npmjs.org/util.promisify/-/util.promisify-1.0.0.tgz",
      "integrity": "sha512-i+6qA2MPhvoKLuxnJNpXAGhg7HphQOSUq2LKMZD0m15EiskXUkMvKdF4Uui0WYeCUGea+o2cw/ZuwehtfsrNkA==",
      "requires": {
        "define-properties": "^1.1.2",
        "object.getownpropertydescriptors": "^2.0.3"
      }
    },
    "wrappy": {
      "version": "1.0.2",
      "resolved": "https://registry.npmjs.org/wrappy/-/wrappy-1.0.2.tgz",
      "integrity": "sha1-tSQ9jz7BqjXxNkYFvA0QNuMKtp8="
    },
    "xml2js": {
      "version": "0.4.22",
      "resolved": "https://registry.npmjs.org/xml2js/-/xml2js-0.4.22.tgz",
      "integrity": "sha512-MWTbxAQqclRSTnehWWe5nMKzI3VmJ8ltiJEco8akcC6j3miOhjjfzKum5sId+CWhfxdOs/1xauYr8/ZDBtQiRw==",
      "requires": {
        "sax": ">=0.6.0",
        "util.promisify": "~1.0.0",
        "xmlbuilder": "~11.0.0"
      }
    },
    "xmlbuilder": {
      "version": "11.0.1",
      "resolved": "https://registry.npmjs.org/xmlbuilder/-/xmlbuilder-11.0.1.tgz",
      "integrity": "sha512-fDlsI/kFEx7gLvbecc0/ohLG50fugQp8ryHzMTuW9vSa1GJ0XYWKnhsUx7oie3G98+r56aTQIUB4kht42R3JvA=="
    }
  }
}
